
Microsoft Visual Studio Solution File, Format Version 12.00
# Visual Studio Version 17
VisualStudioVersion = 17.7.34202.233
MinimumVisualStudioVersion = 10.0.40219.1
Project("{FAE04EC0-301F-11D3-BF4B-00C04F79EFBC}") = "LeMinhQuang_2022602763", "LeMinhQuang_2022602763\LeMinhQuang_2022602763.csproj", "{BA2B6D1D-0685-4F42-8D10-9F2C6E465CB7}"
EndProject
Global
	GlobalSection(SolutionConfigurationPlatforms) = preSolution
		Debug|Any CPU = Debug|Any CPU
		Release|Any CPU = Release|Any CPU
	EndGlobalSection
	GlobalSection(ProjectConfigurationPlatforms) = postSolution
		{BA2B6D1D-0685-4F42-8D10-9F2C6E465CB7}.Debug|Any CPU.ActiveCfg = Debug|Any CPU
		{BA2B6D1D-0685-4F42-8D10-9F2C6E465CB7}.Debug|Any CPU.Build.0 = Debug|Any CPU
		{BA2B6D1D-0685-4F42-8D10-9F2C6E465CB7}.Release|Any CPU.ActiveCfg = Release|Any CPU
		{BA2B6D1D-0685-4F42-8D10-9F2C6E465CB7}.Release|Any CPU.Build.0 = Release|Any CPU
	EndGlobalSection
	GlobalSection(SolutionProperties) = preSolution
		HideSolutionNode = FALSE
	EndGlobalSection
	GlobalSection(ExtensibilityGlobals) = postSolution
		SolutionGuid = {DFAADE41-B057-4B26-AC25-B8F871542B97}
	EndGlobalSection
EndGlobal
